
Microsoft Visual Studio Solution File, Format Version 12.00
# Visual Studio Version 16
VisualStudioVersion = 16.0.32126.315
MinimumVisualStudioVersion = 10.0.40219.1
Project("{8BC9CEB8-8B4A-11D0-8D11-00A0C91BC942}") = "sgx_crypto", "sgx_crypto\sgx_crypto.vcxproj", "{1AB7ACDA-E87C-4A07-8A13-12F65CD00CA1}"
EndProject
Project("{8BC9CEB8-8B4A-11D0-8D11-00A0C91BC942}") = "enclave", "enclave\enclave.vcxproj", "{F715E3B5-0D02-4525-BA96-D289A5C8E719}"
EndProject
Project("{8BC9CEB8-8B4A-11D0-8D11-00A0C91BC942}") = "sgx_crypto_lib", "sgx_crypto_lib\sgx_crypto_lib.vcxproj", "{942706D8-9D46-409A-BF13-05DD98C260B8}"
EndProject
Project("{8BC9CEB8-8B4A-11D0-8D11-00A0C91BC942}") = "test_sgx_lib", "test_sgx_lib\test_sgx_lib.vcxproj", "{227A36C9-8CE0-4165-AE25-16CC246509B7}"
EndProject
Global
	GlobalSection(SolutionConfigurationPlatforms) = preSolution
		CVE-2020-0551-CF-Prerelease|x64 = CVE-2020-0551-CF-Prerelease|x64
		CVE-2020-0551-CF-Prerelease|x86 = CVE-2020-0551-CF-Prerelease|x86
		CVE-2020-0551-CF-Release|x64 = CVE-2020-0551-CF-Release|x64
		CVE-2020-0551-CF-Release|x86 = CVE-2020-0551-CF-Release|x86
		CVE-2020-0551-Load-Prerelease|x64 = CVE-2020-0551-Load-Prerelease|x64
		CVE-2020-0551-Load-Prerelease|x86 = CVE-2020-0551-Load-Prerelease|x86
		CVE-2020-0551-Load-Release|x64 = CVE-2020-0551-Load-Release|x64
		CVE-2020-0551-Load-Release|x86 = CVE-2020-0551-Load-Release|x86
		Debug|x64 = Debug|x64
		Debug|x86 = Debug|x86
		Prerelease|x64 = Prerelease|x64
		Prerelease|x86 = Prerelease|x86
		Release|x64 = Release|x64
		Release|x86 = Release|x86
		Simulation|x64 = Simulation|x64
		Simulation|x86 = Simulation|x86
	EndGlobalSection
	GlobalSection(ProjectConfigurationPlatforms) = postSolution
		{1AB7ACDA-E87C-4A07-8A13-12F65CD00CA1}.CVE-2020-0551-CF-Prerelease|x64.ActiveCfg = Release|x64
		{1AB7ACDA-E87C-4A07-8A13-12F65CD00CA1}.CVE-2020-0551-CF-Prerelease|x64.Build.0 = Release|x64
		{1AB7ACDA-E87C-4A07-8A13-12F65CD00CA1}.CVE-2020-0551-CF-Prerelease|x86.ActiveCfg = Release|Win32
		{1AB7ACDA-E87C-4A07-8A13-12F65CD00CA1}.CVE-2020-0551-CF-Prerelease|x86.Build.0 = Release|Win32
		{1AB7ACDA-E87C-4A07-8A13-12F65CD00CA1}.CVE-2020-0551-CF-Release|x64.ActiveCfg = Release|x64
		{1AB7ACDA-E87C-4A07-8A13-12F65CD00CA1}.CVE-2020-0551-CF-Release|x64.Build.0 = Release|x64
		{1AB7ACDA-E87C-4A07-8A13-12F65CD00CA1}.CVE-2020-0551-CF-Release|x86.ActiveCfg = Release|Win32
		{1AB7ACDA-E87C-4A07-8A13-12F65CD00CA1}.CVE-2020-0551-CF-Release|x86.Build.0 = Release|Win32
		{1AB7ACDA-E87C-4A07-8A13-12F65CD00CA1}.CVE-2020-0551-Load-Prerelease|x64.ActiveCfg = Release|x64
		{1AB7ACDA-E87C-4A07-8A13-12F65CD00CA1}.CVE-2020-0551-Load-Prerelease|x64.Build.0 = Release|x64
		{1AB7ACDA-E87C-4A07-8A13-12F65CD00CA1}.CVE-2020-0551-Load-Prerelease|x86.ActiveCfg = Release|Win32
		{1AB7ACDA-E87C-4A07-8A13-12F65CD00CA1}.CVE-2020-0551-Load-Prerelease|x86.Build.0 = Release|Win32
		{1AB7ACDA-E87C-4A07-8A13-12F65CD00CA1}.CVE-2020-0551-Load-Release|x64.ActiveCfg = Release|x64
		{1AB7ACDA-E87C-4A07-8A13-12F65CD00CA1}.CVE-2020-0551-Load-Release|x64.Build.0 = Release|x64
		{1AB7ACDA-E87C-4A07-8A13-12F65CD00CA1}.CVE-2020-0551-Load-Release|x86.ActiveCfg = Release|Win32
		{1AB7ACDA-E87C-4A07-8A13-12F65CD00CA1}.CVE-2020-0551-Load-Release|x86.Build.0 = Release|Win32
		{1AB7ACDA-E87C-4A07-8A13-12F65CD00CA1}.Debug|x64.ActiveCfg = Debug|x64
		{1AB7ACDA-E87C-4A07-8A13-12F65CD00CA1}.Debug|x64.Build.0 = Debug|x64
		{1AB7ACDA-E87C-4A07-8A13-12F65CD00CA1}.Debug|x86.ActiveCfg = Debug|Win32
		{1AB7ACDA-E87C-4A07-8A13-12F65CD00CA1}.Debug|x86.Build.0 = Debug|Win32
		{1AB7ACDA-E87C-4A07-8A13-12F65CD00CA1}.Prerelease|x64.ActiveCfg = Prerelease|x64
		{1AB7ACDA-E87C-4A07-8A13-12F65CD00CA1}.Prerelease|x64.Build.0 = Prerelease|x64
		{1AB7ACDA-E87C-4A07-8A13-12F65CD00CA1}.Prerelease|x86.ActiveCfg = Prerelease|Win32
		{1AB7ACDA-E87C-4A07-8A13-12F65CD00CA1}.Prerelease|x86.Build.0 = Prerelease|Win32
		{1AB7ACDA-E87C-4A07-8A13-12F65CD00CA1}.Release|x64.ActiveCfg = Release|x64
		{1AB7ACDA-E87C-4A07-8A13-12F65CD00CA1}.Release|x64.Build.0 = Release|x64
		{1AB7ACDA-E87C-4A07-8A13-12F65CD00CA1}.Release|x86.ActiveCfg = Release|Win32
		{1AB7ACDA-E87C-4A07-8A13-12F65CD00CA1}.Release|x86.Build.0 = Release|Win32
		{1AB7ACDA-E87C-4A07-8A13-12F65CD00CA1}.Simulation|x64.ActiveCfg = Simulation|x64
		{1AB7ACDA-E87C-4A07-8A13-12F65CD00CA1}.Simulation|x64.Build.0 = Simulation|x64
		{1AB7ACDA-E87C-4A07-8A13-12F65CD00CA1}.Simulation|x86.ActiveCfg = Simulation|Win32
		{1AB7ACDA-E87C-4A07-8A13-12F65CD00CA1}.Simulation|x86.Build.0 = Simulation|Win32
		{F715E3B5-0D02-4525-BA96-D289A5C8E719}.CVE-2020-0551-CF-Prerelease|x64.ActiveCfg = Prerelease|x64
		{F715E3B5-0D02-4525-BA96-D289A5C8E719}.CVE-2020-0551-CF-Prerelease|x86.ActiveCfg = Prerelease|Win32
		{F715E3B5-0D02-4525-BA96-D289A5C8E719}.CVE-2020-0551-CF-Release|x64.ActiveCfg = Release|x64
		{F715E3B5-0D02-4525-BA96-D289A5C8E719}.CVE-2020-0551-CF-Release|x86.ActiveCfg = Release|Win32
		{F715E3B5-0D02-4525-BA96-D289A5C8E719}.CVE-2020-0551-Load-Prerelease|x64.ActiveCfg = Prerelease|x64
		{F715E3B5-0D02-4525-BA96-D289A5C8E719}.CVE-2020-0551-Load-Prerelease|x86.ActiveCfg = Prerelease|Win32
		{F715E3B5-0D02-4525-BA96-D289A5C8E719}.CVE-2020-0551-Load-Release|x64.ActiveCfg = Release|x64
		{F715E3B5-0D02-4525-BA96-D289A5C8E719}.CVE-2020-0551-Load-Release|x86.ActiveCfg = Release|Win32
		{F715E3B5-0D02-4525-BA96-D289A5C8E719}.Debug|x64.ActiveCfg = Debug|x64
		{F715E3B5-0D02-4525-BA96-D289A5C8E719}.Debug|x64.Build.0 = Debug|x64
		{F715E3B5-0D02-4525-BA96-D289A5C8E719}.Debug|x86.ActiveCfg = Debug|Win32
		{F715E3B5-0D02-4525-BA96-D289A5C8E719}.Debug|x86.Build.0 = Debug|Win32
		{F715E3B5-0D02-4525-BA96-D289A5C8E719}.Prerelease|x64.ActiveCfg = Prerelease|x64
		{F715E3B5-0D02-4525-BA96-D289A5C8E719}.Prerelease|x64.Build.0 = Prerelease|x64
		{F715E3B5-0D02-4525-BA96-D289A5C8E719}.Prerelease|x86.ActiveCfg = Prerelease|Win32
		{F715E3B5-0D02-4525-BA96-D289A5C8E719}.Prerelease|x86.Build.0 = Prerelease|Win32
		{F715E3B5-0D02-4525-BA96-D289A5C8E719}.Release|x64.ActiveCfg = Release|x64
		{F715E3B5-0D02-4525-BA96-D289A5C8E719}.Release|x64.Build.0 = Release|x64
		{F715E3B5-0D02-4525-BA96-D289A5C8E719}.Release|x86.ActiveCfg = Release|Win32
		{F715E3B5-0D02-4525-BA96-D289A5C8E719}.Release|x86.Build.0 = Release|Win32
		{F715E3B5-0D02-4525-BA96-D289A5C8E719}.Simulation|x64.ActiveCfg = Simulation|x64
		{F715E3B5-0D02-4525-BA96-D289A5C8E719}.Simulation|x64.Build.0 = Simulation|x64
		{F715E3B5-0D02-4525-BA96-D289A5C8E719}.Simulation|x86.ActiveCfg = Simulation|Win32
		{F715E3B5-0D02-4525-BA96-D289A5C8E719}.Simulation|x86.Build.0 = Simulation|Win32
		{942706D8-9D46-409A-BF13-05DD98C260B8}.CVE-2020-0551-CF-Prerelease|x64.ActiveCfg = Debug|x64
		{942706D8-9D46-409A-BF13-05DD98C260B8}.CVE-2020-0551-CF-Prerelease|x64.Build.0 = Debug|x64
		{942706D8-9D46-409A-BF13-05DD98C260B8}.CVE-2020-0551-CF-Prerelease|x86.ActiveCfg = Debug|Win32
		{942706D8-9D46-409A-BF13-05DD98C260B8}.CVE-2020-0551-CF-Prerelease|x86.Build.0 = Debug|Win32
		{942706D8-9D46-409A-BF13-05DD98C260B8}.CVE-2020-0551-CF-Release|x64.ActiveCfg = Release|x64
		{942706D8-9D46-409A-BF13-05DD98C260B8}.CVE-2020-0551-CF-Release|x64.Build.0 = Release|x64
		{942706D8-9D46-409A-BF13-05DD98C260B8}.CVE-2020-0551-CF-Release|x86.ActiveCfg = Release|Win32
		{942706D8-9D46-409A-BF13-05DD98C260B8}.CVE-2020-0551-CF-Release|x86.Build.0 = Release|Win32
		{942706D8-9D46-409A-BF13-05DD98C260B8}.CVE-2020-0551-Load-Prerelease|x64.ActiveCfg = Debug|x64
		{942706D8-9D46-409A-BF13-05DD98C260B8}.CVE-2020-0551-Load-Prerelease|x64.Build.0 = Debug|x64
		{942706D8-9D46-409A-BF13-05DD98C260B8}.CVE-2020-0551-Load-Prerelease|x86.ActiveCfg = Debug|Win32
		{942706D8-9D46-409A-BF13-05DD98C260B8}.CVE-2020-0551-Load-Prerelease|x86.Build.0 = Debug|Win32
		{942706D8-9D46-409A-BF13-05DD98C260B8}.CVE-2020-0551-Load-Release|x64.ActiveCfg = Release|x64
		{942706D8-9D46-409A-BF13-05DD98C260B8}.CVE-2020-0551-Load-Release|x64.Build.0 = Release|x64
		{942706D8-9D46-409A-BF13-05DD98C260B8}.CVE-2020-0551-Load-Release|x86.ActiveCfg = Release|Win32
		{942706D8-9D46-409A-BF13-05DD98C260B8}.CVE-2020-0551-Load-Release|x86.Build.0 = Release|Win32
		{942706D8-9D46-409A-BF13-05DD98C260B8}.Debug|x64.ActiveCfg = Debug|x64
		{942706D8-9D46-409A-BF13-05DD98C260B8}.Debug|x64.Build.0 = Debug|x64
		{942706D8-9D46-409A-BF13-05DD98C260B8}.Debug|x86.ActiveCfg = Debug|Win32
		{942706D8-9D46-409A-BF13-05DD98C260B8}.Debug|x86.Build.0 = Debug|Win32
		{942706D8-9D46-409A-BF13-05DD98C260B8}.Prerelease|x64.ActiveCfg = Debug|x64
		{942706D8-9D46-409A-BF13-05DD98C260B8}.Prerelease|x64.Build.0 = Debug|x64
		{942706D8-9D46-409A-BF13-05DD98C260B8}.Prerelease|x86.ActiveCfg = Debug|Win32
		{942706D8-9D46-409A-BF13-05DD98C260B8}.Prerelease|x86.Build.0 = Debug|Win32
		{942706D8-9D46-409A-BF13-05DD98C260B8}.Release|x64.ActiveCfg = Release|x64
		{942706D8-9D46-409A-BF13-05DD98C260B8}.Release|x64.Build.0 = Release|x64
		{942706D8-9D46-409A-BF13-05DD98C260B8}.Release|x86.ActiveCfg = Release|Win32
		{942706D8-9D46-409A-BF13-05DD98C260B8}.Release|x86.Build.0 = Release|Win32
		{942706D8-9D46-409A-BF13-05DD98C260B8}.Simulation|x64.ActiveCfg = Debug|x64
		{942706D8-9D46-409A-BF13-05DD98C260B8}.Simulation|x64.Build.0 = Debug|x64
		{942706D8-9D46-409A-BF13-05DD98C260B8}.Simulation|x86.ActiveCfg = Debug|Win32
		{942706D8-9D46-409A-BF13-05DD98C260B8}.Simulation|x86.Build.0 = Debug|Win32
		{227A36C9-8CE0-4165-AE25-16CC246509B7}.CVE-2020-0551-CF-Prerelease|x64.ActiveCfg = Debug|x64
		{227A36C9-8CE0-4165-AE25-16CC246509B7}.CVE-2020-0551-CF-Prerelease|x64.Build.0 = Debug|x64
		{227A36C9-8CE0-4165-AE25-16CC246509B7}.CVE-2020-0551-CF-Prerelease|x86.ActiveCfg = Debug|Win32
		{227A36C9-8CE0-4165-AE25-16CC246509B7}.CVE-2020-0551-CF-Prerelease|x86.Build.0 = Debug|Win32
		{227A36C9-8CE0-4165-AE25-16CC246509B7}.CVE-2020-0551-CF-Release|x64.ActiveCfg = Release|x64
		{227A36C9-8CE0-4165-AE25-16CC246509B7}.CVE-2020-0551-CF-Release|x64.Build.0 = Release|x64
		{227A36C9-8CE0-4165-AE25-16CC246509B7}.CVE-2020-0551-CF-Release|x86.ActiveCfg = Release|Win32
		{227A36C9-8CE0-4165-AE25-16CC246509B7}.CVE-2020-0551-CF-Release|x86.Build.0 = Release|Win32
		{227A36C9-8CE0-4165-AE25-16CC246509B7}.CVE-2020-0551-Load-Prerelease|x64.ActiveCfg = Debug|x64
		{227A36C9-8CE0-4165-AE25-16CC246509B7}.CVE-2020-0551-Load-Prerelease|x64.Build.0 = Debug|x64
		{227A36C9-8CE0-4165-AE25-16CC246509B7}.CVE-2020-0551-Load-Prerelease|x86.ActiveCfg = Debug|Win32
		{227A36C9-8CE0-4165-AE25-16CC246509B7}.CVE-2020-0551-Load-Prerelease|x86.Build.0 = Debug|Win32
		{227A36C9-8CE0-4165-AE25-16CC246509B7}.CVE-2020-0551-Load-Release|x64.ActiveCfg = Release|x64
		{227A36C9-8CE0-4165-AE25-16CC246509B7}.CVE-2020-0551-Load-Release|x64.Build.0 = Release|x64
		{227A36C9-8CE0-4165-AE25-16CC246509B7}.CVE-2020-0551-Load-Release|x86.ActiveCfg = Release|Win32
		{227A36C9-8CE0-4165-AE25-16CC246509B7}.CVE-2020-0551-Load-Release|x86.Build.0 = Release|Win32
		{227A36C9-8CE0-4165-AE25-16CC246509B7}.Debug|x64.ActiveCfg = Debug|x64
		{227A36C9-8CE0-4165-AE25-16CC246509B7}.Debug|x64.Build.0 = Debug|x64
		{227A36C9-8CE0-4165-AE25-16CC246509B7}.Debug|x86.ActiveCfg = Debug|Win32
		{227A36C9-8CE0-4165-AE25-16CC246509B7}.Debug|x86.Build.0 = Debug|Win32
		{227A36C9-8CE0-4165-AE25-16CC246509B7}.Prerelease|x64.ActiveCfg = Debug|x64
		{227A36C9-8CE0-4165-AE25-16CC246509B7}.Prerelease|x64.Build.0 = Debug|x64
		{227A36C9-8CE0-4165-AE25-16CC246509B7}.Prerelease|x86.ActiveCfg = Debug|Win32
		{227A36C9-8CE0-4165-AE25-16CC246509B7}.Prerelease|x86.Build.0 = Debug|Win32
		{227A36C9-8CE0-4165-AE25-16CC246509B7}.Release|x64.ActiveCfg = Release|x64
		{227A36C9-8CE0-4165-AE25-16CC246509B7}.Release|x64.Build.0 = Release|x64
		{227A36C9-8CE0-4165-AE25-16CC246509B7}.Release|x86.ActiveCfg = Release|Win32
		{227A36C9-8CE0-4165-AE25-16CC246509B7}.Release|x86.Build.0 = Release|Win32
		{227A36C9-8CE0-4165-AE25-16CC246509B7}.Simulation|x64.ActiveCfg = Debug|x64
		{227A36C9-8CE0-4165-AE25-16CC246509B7}.Simulation|x64.Build.0 = Debug|x64
		{227A36C9-8CE0-4165-AE25-16CC246509B7}.Simulation|x86.ActiveCfg = Debug|Win32
		{227A36C9-8CE0-4165-AE25-16CC246509B7}.Simulation|x86.Build.0 = Debug|Win32
	EndGlobalSection
	GlobalSection(SolutionProperties) = preSolution
		HideSolutionNode = FALSE
	EndGlobalSection
	GlobalSection(ExtensibilityGlobals) = postSolution
		SolutionGuid = {26570A38-DF8A-47EB-8C75-20DA762AD4A2}
	EndGlobalSection
EndGlobal
